
Microsoft Visual Studio Solution File, Format Version 12.00
# Visual Studio Version 17
VisualStudioVersion = 17.0.31903.59
MinimumVisualStudioVersion = 10.0.40219.1
Project("{FAE04EC0-301F-11D3-BF4B-00C04F79EFBC}") = "CRUDTask", "CRUDTask\CRUDTask.csproj", "{45ADE026-5538-4280-81D3-CB27CAB0BCB8}"
EndProject
Global
	GlobalSection(SolutionConfigurationPlatforms) = preSolution
		Debug|Any CPU = Debug|Any CPU
		Release|Any CPU = Release|Any CPU
	EndGlobalSection
	GlobalSection(ProjectConfigurationPlatforms) = postSolution
		{45ADE026-5538-4280-81D3-CB27CAB0BCB8}.Debug|Any CPU.ActiveCfg = Debug|Any CPU
		{45ADE026-5538-4280-81D3-CB27CAB0BCB8}.Debug|Any CPU.Build.0 = Debug|Any CPU
		{45ADE026-5538-4280-81D3-CB27CAB0BCB8}.Release|Any CPU.ActiveCfg = Release|Any CPU
		{45ADE026-5538-4280-81D3-CB27CAB0BCB8}.Release|Any CPU.Build.0 = Release|Any CPU
	EndGlobalSection
	GlobalSection(SolutionProperties) = preSolution
		HideSolutionNode = FALSE
	EndGlobalSection
	GlobalSection(ExtensibilityGlobals) = postSolution
		SolutionGuid = {1A2B12AC-5AF7-4CB5-B43C-65E7348DE2D6}
	EndGlobalSection
EndGlobal
